<?xml version="1.0" encoding="utf-8"?>
<Project ToolsVersion="4.0" xmlns="http://schemas.microsoft.com/developer/msbuild/2003">
  <ItemGroup>
    <Filter Include="ソース ファイル">
      <UniqueIdentifier>{4FC737F1-C7A5-4376-A066-2A32D752A2FF}</UniqueIdentifier>
      <Extensions>cpp;c;cc;cxx;c++;cppm;ixx;def;odl;idl;hpj;bat;asm;asmx</Extensions>
    </Filter>
    <Filter Include="リソース ファイル">
      <UniqueIdentifier>{67DA6AB6-F800-4c08-8B7A-83BB121AAD01}</UniqueIdentifier>
      <Extensions>rc;ico;cur;bmp;dlg;rc2;rct;bin;rgs;gif;jpg;jpeg;jpe;resx;tiff;tif;png;wav;mfcribbon-ms</Extensions>
    </Filter>
    <Filter Include="ソース ファイル\Scene">
      <UniqueIdentifier>{a499e429-908e-4e3b-bb24-1a6829c105d0}</UniqueIdentifier>
    </Filter>
    <Filter Include="ソース ファイル\Scene\Base">
      <UniqueIdentifier>{ef4f965f-8d90-401c-95ca-d924ec4698e2}</UniqueIdentifier>
    </Filter>
    <Filter Include="ソース ファイル\Scene\Manager">
      <UniqueIdentifier>{0ef868ba-6ead-4d40-9049-f2441f35f973}</UniqueIdentifier>
    </Filter>
    <Filter Include="ソース ファイル\Scene\Title">
      <UniqueIdentifier>{7b3ce8ee-ea24-4f5c-b74d-d5e8f2816147}</UniqueIdentifier>
    </Filter>
    <Filter Include="ソース ファイル\Scene\Play">
      <UniqueIdentifier>{207d36cc-2547-4382-ac9e-4034c623eb41}</UniqueIdentifier>
    </Filter>
    <Filter Include="ソース ファイル\Object">
      <UniqueIdentifier>{90793a43-8fd9-4799-bbf6-20256fc217b6}</UniqueIdentifier>
    </Filter>
    <Filter Include="ソース ファイル\Math">
      <UniqueIdentifier>{d5e2b02d-38f5-4dbb-8cb9-00e027dd323c}</UniqueIdentifier>
    </Filter>
    <Filter Include="ソース ファイル\Object\Manager">
      <UniqueIdentifier>{59c76929-8f26-40b7-94e0-bbb53f39b34d}</UniqueIdentifier>
    </Filter>
    <Filter Include="ソース ファイル\Object\Base">
      <UniqueIdentifier>{e89d980d-3056-4a8d-80c0-071c3213abad}</UniqueIdentifier>
    </Filter>
    <Filter Include="ソース ファイル\Collision">
      <UniqueIdentifier>{4e17633e-357f-45d5-8901-9dfdb6742eb2}</UniqueIdentifier>
    </Filter>
    <Filter Include="ソース ファイル\Asset">
      <UniqueIdentifier>{678ad8b0-a4cb-47ec-a2ed-f43f5fdcd560}</UniqueIdentifier>
    </Filter>
    <Filter Include="ソース ファイル\Asset\Manager">
      <UniqueIdentifier>{77006290-f1a0-4da0-911d-1ae8fdb8bc38}</UniqueIdentifier>
    </Filter>
    <Filter Include="ソース ファイル\Asset\Animation">
      <UniqueIdentifier>{37e8efb2-1ef2-494f-ab24-fd904da31a91}</UniqueIdentifier>
    </Filter>
    <Filter Include="ソース ファイル\MapObject">
      <UniqueIdentifier>{4d92cd9d-f4de-4472-87bc-d92b11c6f435}</UniqueIdentifier>
    </Filter>
    <Filter Include="ソース ファイル\MapObject\Door">
      <UniqueIdentifier>{0de4f457-917f-4fb0-8f73-1d56b393c1ea}</UniqueIdentifier>
    </Filter>
    <Filter Include="ソース ファイル\MapObject\Chair">
      <UniqueIdentifier>{eb7850c5-e5bd-4350-8b80-e18522b23314}</UniqueIdentifier>
    </Filter>
    <Filter Include="ソース ファイル\MapObject\Light">
      <UniqueIdentifier>{31d0ad34-f01f-452b-b4b6-8e6b4969cc4a}</UniqueIdentifier>
    </Filter>
    <Filter Include="ソース ファイル\Shade">
      <UniqueIdentifier>{f9edbb69-2e09-49b9-892e-46156e1ed855}</UniqueIdentifier>
    </Filter>
    <Filter Include="ソース ファイル\Shade\Bloome">
      <UniqueIdentifier>{146f558f-2ab1-4ec3-8b89-de79b6e057b0}</UniqueIdentifier>
    </Filter>
    <Filter Include="ソース ファイル\MapObject\Light\Base">
      <UniqueIdentifier>{0d5baf56-9cae-4fd8-b28c-51a66e49556b}</UniqueIdentifier>
    </Filter>
    <Filter Include="ソース ファイル\CharaObject">
      <UniqueIdentifier>{3757061b-60df-484c-9b5b-17ec897e1d1b}</UniqueIdentifier>
    </Filter>
    <Filter Include="ソース ファイル\CharaObject\Player">
      <UniqueIdentifier>{e98576d1-6521-411a-9d59-5e615fdcc343}</UniqueIdentifier>
    </Filter>
    <Filter Include="ソース ファイル\CharaObject\Camera">
      <UniqueIdentifier>{80d483bb-6973-4737-85de-b4075b275aff}</UniqueIdentifier>
    </Filter>
    <Filter Include="ソース ファイル\MapObject\Light\NomalLight">
      <UniqueIdentifier>{1f3cf8e6-7366-4b3b-ab48-7515e7d941b9}</UniqueIdentifier>
    </Filter>
    <Filter Include="ソース ファイル\MapObject\Light\LitLight">
      <UniqueIdentifier>{0f77a94b-b104-457d-b256-7bc03f843849}</UniqueIdentifier>
    </Filter>
    <Filter Include="ソース ファイル\CharaObject\Ghost">
      <UniqueIdentifier>{f917cab7-6243-490e-9275-c8b63a4ab27b}</UniqueIdentifier>
    </Filter>
    <Filter Include="ソース ファイル\CharaObject\Ghost\Base">
      <UniqueIdentifier>{37fef137-fa07-49ed-b4c0-bce1061d4b2e}</UniqueIdentifier>
    </Filter>
    <Filter Include="ソース ファイル\CharaObject\Man">
      <UniqueIdentifier>{33e0c2ea-1b94-4e5b-8232-4644acdc7fc5}</UniqueIdentifier>
    </Filter>
    <Filter Include="ソース ファイル\MapObject\Light\FlashLight">
      <UniqueIdentifier>{8162273c-8545-46cb-b527-a2fa0254e08a}</UniqueIdentifier>
    </Filter>
    <Filter Include="ソース ファイル\MapObject\Furniture">
      <UniqueIdentifier>{29722970-cfa5-4c1c-8a31-945172bc3b89}</UniqueIdentifier>
    </Filter>
    <Filter Include="ソース ファイル\MapObject\Bed">
      <UniqueIdentifier>{21cf095b-2eec-42ce-a3c5-599448d22d90}</UniqueIdentifier>
    </Filter>
    <Filter Include="ソース ファイル\MapObject\Map">
      <UniqueIdentifier>{a9c7cd32-58e9-4321-8165-4fa7eea83708}</UniqueIdentifier>
    </Filter>
    <Filter Include="ソース ファイル\UI">
      <UniqueIdentifier>{e9cfa52e-e7b6-48c2-8ceb-14fdc5eef1d5}</UniqueIdentifier>
    </Filter>
    <Filter Include="ソース ファイル\UI\Select">
      <UniqueIdentifier>{71447e9d-b861-4fb4-9d2c-c9424da167e0}</UniqueIdentifier>
    </Filter>
    <Filter Include="ソース ファイル\UI\Action">
      <UniqueIdentifier>{dfdfc7f6-0f13-4a16-a8db-a2f4aa9f58bc}</UniqueIdentifier>
    </Filter>
    <Filter Include="ソース ファイル\UI\Remarks">
      <UniqueIdentifier>{7911e8e5-15a8-441b-bbfb-d4b034f6e0bc}</UniqueIdentifier>
    </Filter>
    <Filter Include="ソース ファイル\Scene\Room">
      <UniqueIdentifier>{b50aa5a5-e753-40ad-8de5-45562dd12299}</UniqueIdentifier>
    </Filter>
    <Filter Include="ソース ファイル\CharaObject\Ghost\GhostWalkGim">
      <UniqueIdentifier>{a0fd39f9-91ee-422f-9309-cf2f4e51ce8a}</UniqueIdentifier>
    </Filter>
    <Filter Include="ソース ファイル\MapObject\Light\BlinkingLight">
      <UniqueIdentifier>{570da3c0-d4d7-4ea5-878a-bd8a4fae3b64}</UniqueIdentifier>
    </Filter>
    <Filter Include="ソース ファイル\MapObject\Table">
      <UniqueIdentifier>{b773265b-301b-4f17-8142-86d5d9261f28}</UniqueIdentifier>
    </Filter>
    <Filter Include="ソース ファイル\Asset\Sound">
      <UniqueIdentifier>{82e8c667-400c-4c32-962f-fbadc0d2c170}</UniqueIdentifier>
    </Filter>
    <Filter Include="ソース ファイル\Scene\Save">
      <UniqueIdentifier>{53aaa834-8626-4162-ba16-65d77b778143}</UniqueIdentifier>
    </Filter>
    <Filter Include="ソース ファイル\CharaObject\Camera\FixedCamera">
      <UniqueIdentifier>{2fc0775a-47de-4de3-b7ae-56a2bb5626f1}</UniqueIdentifier>
    </Filter>
    <Filter Include="ソース ファイル\CharaObject\Camera\FpsCamera">
      <UniqueIdentifier>{7d0f84eb-8629-4e9e-a22b-704bd601d329}</UniqueIdentifier>
    </Filter>
    <Filter Include="ソース ファイル\Scene\PauseMenu">
      <UniqueIdentifier>{ad9c7e76-4f18-43f3-816d-7b8e92492df7}</UniqueIdentifier>
    </Filter>
    <Filter Include="ソース ファイル\UI\UIBase">
      <UniqueIdentifier>{a098c132-2fa0-455b-945e-c0acc911322c}</UniqueIdentifier>
    </Filter>
    <Filter Include="ソース ファイル\BlendMode">
      <UniqueIdentifier>{77f50006-b03c-4b71-b631-7644e4897336}</UniqueIdentifier>
    </Filter>
    <Filter Include="ソース ファイル\Scene\Ending">
      <UniqueIdentifier>{d494d462-4d17-4384-8234-150bc706e628}</UniqueIdentifier>
    </Filter>
    <Filter Include="ソース ファイル\Shade\PointLightShader">
      <UniqueIdentifier>{9e96effc-6f00-487a-ad21-50f80d1eb11a}</UniqueIdentifier>
    </Filter>
    <Filter Include="ソース ファイル\GameSetting">
      <UniqueIdentifier>{ace7c2f7-44de-45b3-b0f1-d7645b0945f1}</UniqueIdentifier>
    </Filter>
    <Filter Include="ソース ファイル\Time">
      <UniqueIdentifier>{8630de40-2f52-4e6c-9bf9-ffb62baee57e}</UniqueIdentifier>
    </Filter>
    <Filter Include="ヘッダー ファイル">
      <UniqueIdentifier>{93995380-89BD-4b04-88EB-625FBE52EBFB}</UniqueIdentifier>
      <Extensions>h;hh;hpp;hxx;h++;hm;inl;inc;ipp;xsd</Extensions>
    </Filter>
    <Filter Include="ソース ファイル\UI\Status">
      <UniqueIdentifier>{c17ce6a7-0a17-49d7-b78d-b492a42a4c18}</UniqueIdentifier>
    </Filter>
    <Filter Include="ソース ファイル\UI\Status\Button">
      <UniqueIdentifier>{1c68ef68-04d7-4c76-b012-95d0ba2558b8}</UniqueIdentifier>
    </Filter>
    <Filter Include="ソース ファイル\UI\Status\Base">
      <UniqueIdentifier>{86e826e9-00bd-484a-8f3e-d25d63a68948}</UniqueIdentifier>
    </Filter>
    <Filter Include="ソース ファイル\UI\Status\TitleButton">
      <UniqueIdentifier>{be1b1f35-4184-45f7-a450-bf861d99159f}</UniqueIdentifier>
    </Filter>
    <Filter Include="ソース ファイル\UI\Status\ParamButton">
      <UniqueIdentifier>{28534490-080d-4fe8-8db3-65ac735835a4}</UniqueIdentifier>
    </Filter>
    <Filter Include="ソース ファイル\Scene\EscapeScene">
      <UniqueIdentifier>{a9817ddc-b635-44b9-8d10-58a863fd6df5}</UniqueIdentifier>
    </Filter>
  </ItemGroup>
  <ItemGroup>
    <ClCompile Include="..\SourceCode\Main.cpp">
      <Filter>ソース ファイル</Filter>
    </ClCompile>
    <ClCompile Include="..\SourceCode\Time\TimeManager.cpp">
      <Filter>ソース ファイル\Time</Filter>
    </ClCompile>
    <ClCompile Include="..\SourceCode\Object\ObjectBase\ObjBase.cpp">
      <Filter>ソース ファイル\Object\Base</Filter>
    </ClCompile>
    <ClCompile Include="..\SourceCode\Math\Math.cpp">
      <Filter>ソース ファイル\Math</Filter>
    </ClCompile>
    <ClCompile Include="..\SourceCode\Collision\Collision.cpp">
      <Filter>ソース ファイル\Collision</Filter>
    </ClCompile>
    <ClCompile Include="..\SourceCode\Object\ObjectManager\ObjManager.cpp">
      <Filter>ソース ファイル\Object\Manager</Filter>
    </ClCompile>
    <ClCompile Include="..\SourceCode\Scene\PlayScene\PlayScene.cpp">
      <Filter>ソース ファイル\Scene\Play</Filter>
    </ClCompile>
    <ClCompile Include="..\SourceCode\Scene\SceneManager\SceneManager.cpp">
      <Filter>ソース ファイル\Scene\Manager</Filter>
    </ClCompile>
    <ClCompile Include="..\SourceCode\Scene\SceneBase\SceneBase.cpp">
      <Filter>ソース ファイル\Scene\Base</Filter>
    </ClCompile>
    <ClCompile Include="..\SourceCode\Asset\Animation\Animation.cpp">
      <Filter>ソース ファイル\Asset\Animation</Filter>
    </ClCompile>
    <ClCompile Include="..\SourceCode\Asset\AssetManager\AssetManager.cpp">
      <Filter>ソース ファイル\Asset\Manager</Filter>
    </ClCompile>
    <ClCompile Include="..\SourceCode\Shade\Bloom\Bloom.cpp">
      <Filter>ソース ファイル\Shade\Bloome</Filter>
    </ClCompile>
    <ClCompile Include="..\SourceCode\Object\MapObject\Door\Door.cpp">
      <Filter>ソース ファイル\MapObject\Door</Filter>
    </ClCompile>
    <ClCompile Include="..\SourceCode\Object\MapObject\Chair\Chair.cpp">
      <Filter>ソース ファイル\MapObject\Chair</Filter>
    </ClCompile>
    <ClCompile Include="..\SourceCode\Object\MapObject\Furniture\Furniture.cpp">
      <Filter>ソース ファイル\MapObject\Furniture</Filter>
    </ClCompile>
    <ClCompile Include="..\SourceCode\Object\CharaObject\Player\Player.cpp">
      <Filter>ソース ファイル\CharaObject\Player</Filter>
    </ClCompile>
    <ClCompile Include="..\SourceCode\Object\MapObject\Light\LightBase\LightBase.cpp">
      <Filter>ソース ファイル\MapObject\Light\Base</Filter>
    </ClCompile>
    <ClCompile Include="..\SourceCode\Object\MapObject\Light\NomalLight\NomalLight.cpp">
      <Filter>ソース ファイル\MapObject\Light\NomalLight</Filter>
    </ClCompile>
    <ClCompile Include="..\SourceCode\Object\MapObject\Light\LightingLight\LitLight.cpp">
      <Filter>ソース ファイル\MapObject\Light\LitLight</Filter>
    </ClCompile>
    <ClCompile Include="..\SourceCode\Object\CharaObject\Ghost\MoveGimmic\GhostWalkGim.cpp">
      <Filter>ソース ファイル\CharaObject\Ghost\GhostWalkGim</Filter>
    </ClCompile>
    <ClCompile Include="..\SourceCode\Object\CharaObject\Ghost\Base\GhostBase.cpp">
      <Filter>ソース ファイル\CharaObject\Ghost\Base</Filter>
    </ClCompile>
    <ClCompile Include="..\SourceCode\Object\CharaObject\Ghost\Ghost.cpp">
      <Filter>ソース ファイル\CharaObject\Ghost</Filter>
    </ClCompile>
    <ClCompile Include="..\SourceCode\Object\CharaObject\Man\Man.cpp">
      <Filter>ソース ファイル\CharaObject\Man</Filter>
    </ClCompile>
    <ClCompile Include="..\SourceCode\Object\MapObject\Light\FlashLight\FlashLight.cpp">
      <Filter>ソース ファイル\MapObject\Light\FlashLight</Filter>
    </ClCompile>
    <ClCompile Include="..\SourceCode\BlendMode\BlendMode.cpp">
      <Filter>ソース ファイル\BlendMode</Filter>
    </ClCompile>
    <ClCompile Include="..\SourceCode\Object\MapObject\Bed\Bed.cpp">
      <Filter>ソース ファイル\MapObject\Bed</Filter>
    </ClCompile>
    <ClCompile Include="..\SourceCode\Object\MapObject\Map\Map.cpp">
      <Filter>ソース ファイル\MapObject\Map</Filter>
    </ClCompile>
    <ClCompile Include="..\SourceCode\UI\Select\Select.cpp">
      <Filter>ソース ファイル\UI\Select</Filter>
    </ClCompile>
    <ClCompile Include="..\SourceCode\UI\Action\Action.cpp">
      <Filter>ソース ファイル\UI\Action</Filter>
    </ClCompile>
    <ClCompile Include="..\SourceCode\Scene\EscapeScene\EscapeScene.cpp">
      <Filter>ソース ファイル\Scene\EscapeScene</Filter>
    </ClCompile>
    <ClCompile Include="..\SourceCode\Scene\RoomScene\RoomScene.cpp">
      <Filter>ソース ファイル\Scene\Room</Filter>
    </ClCompile>
    <ClCompile Include="..\SourceCode\UI\Reamarks\Remarks.cpp">
      <Filter>ソース ファイル\UI\Remarks</Filter>
    </ClCompile>
    <ClCompile Include="..\SourceCode\Object\MapObject\Light\BlinkingLight\BlinkingLight.cpp">
      <Filter>ソース ファイル\MapObject\Light\BlinkingLight</Filter>
    </ClCompile>
    <ClCompile Include="..\SourceCode\Object\MapObject\Table\Table.cpp">
      <Filter>ソース ファイル\MapObject\Table</Filter>
    </ClCompile>
    <ClCompile Include="..\SourceCode\Asset\Sound\Sound.cpp">
      <Filter>ソース ファイル\Asset\Sound</Filter>
    </ClCompile>
    <ClCompile Include="..\SourceCode\GameSetting\GameSetting.cpp">
      <Filter>ソース ファイル\GameSetting</Filter>
    </ClCompile>
    <ClCompile Include="..\SourceCode\Object\CharaObject\Camera\FixedCamera\FixedCamera.cpp">
      <Filter>ソース ファイル\CharaObject\Camera\FixedCamera</Filter>
    </ClCompile>
    <ClCompile Include="..\SourceCode\Object\CharaObject\Camera\FpsCamera\FpsCamera.cpp">
      <Filter>ソース ファイル\CharaObject\Camera\FpsCamera</Filter>
    </ClCompile>
    <ClCompile Include="..\SourceCode\Scene\PauseMenu\PauseMenu.cpp">
      <Filter>ソース ファイル\Scene\PauseMenu</Filter>
    </ClCompile>
    <ClCompile Include="..\SourceCode\UI\UIBase\UIBase.cpp">
      <Filter>ソース ファイル\UI\UIBase</Filter>
    </ClCompile>
    <ClCompile Include="..\SourceCode\Shade\PointLight\PointLightShader.cpp">
      <Filter>ソース ファイル\Shade\PointLightShader</Filter>
    </ClCompile>
    <ClCompile Include="..\SourceCode\Scene\TitleScene\TitleScene.cpp">
      <Filter>ソース ファイル\Scene\Title</Filter>
    </ClCompile>
    <ClCompile Include="..\SourceCode\Scene\SaveScene\SaveScene.cpp">
      <Filter>ソース ファイル\Scene\Save</Filter>
    </ClCompile>
    <ClCompile Include="..\SourceCode\UI\Status\Base\StatusBase.cpp">
      <Filter>ソース ファイル\UI\Status\Base</Filter>
    </ClCompile>
    <ClCompile Include="..\SourceCode\UI\Status\Button\Button.cpp">
      <Filter>ソース ファイル\UI\Status\Button</Filter>
    </ClCompile>
    <ClCompile Include="..\SourceCode\UI\Status\ParamButton\ParamButton.cpp">
      <Filter>ソース ファイル\UI\Status\ParamButton</Filter>
    </ClCompile>
    <ClCompile Include="..\SourceCode\UI\Status\TitleButton\TitleButton.cpp">
      <Filter>ソース ファイル\UI\Status\TitleButton</Filter>
    </ClCompile>
    <ClCompile Include="..\SourceCode\Scene\EndingScene\EndingScene.cpp">
      <Filter>ソース ファイル\Scene\Ending</Filter>
    </ClCompile>
  </ItemGroup>
  <ItemGroup>
    <ClInclude Include="..\SourceCode\Time\TimeManager.h">
      <Filter>ソース ファイル\Time</Filter>
    </ClInclude>
    <ClInclude Include="..\SourceCode\Object\ObjectBase\ObjBase.h">
      <Filter>ソース ファイル\Object\Base</Filter>
    </ClInclude>
    <ClInclude Include="..\SourceCode\Object\ObjectBase\ObjTag.h">
      <Filter>ソース ファイル\Object\Base</Filter>
    </ClInclude>
    <ClInclude Include="..\SourceCode\Math\Math.h">
      <Filter>ソース ファイル\Math</Filter>
    </ClInclude>
    <ClInclude Include="..\SourceCode\Collision\Collision.h">
      <Filter>ソース ファイル\Collision</Filter>
    </ClInclude>
    <ClInclude Include="..\SourceCode\Object\ObjectManager\ObjManager.h">
      <Filter>ソース ファイル\Object\Manager</Filter>
    </ClInclude>
    <ClInclude Include="..\SourceCode\Scene\PlayScene\PlayScene.h">
      <Filter>ソース ファイル\Scene\Play</Filter>
    </ClInclude>
    <ClInclude Include="..\SourceCode\Scene\SceneManager\SceneManager.h">
      <Filter>ソース ファイル\Scene\Manager</Filter>
    </ClInclude>
    <ClInclude Include="..\SourceCode\Scene\SceneBase\SceneBase.h">
      <Filter>ソース ファイル\Scene\Base</Filter>
    </ClInclude>
    <ClInclude Include="..\SourceCode\Asset\Animation\Animation.h">
      <Filter>ソース ファイル\Asset\Animation</Filter>
    </ClInclude>
    <ClInclude Include="..\SourceCode\Asset\AssetManager\AssetManager.h">
      <Filter>ソース ファイル\Asset\Manager</Filter>
    </ClInclude>
    <ClInclude Include="..\SourceCode\Collision\CollisionType.h">
      <Filter>ソース ファイル\Collision</Filter>
    </ClInclude>
    <ClInclude Include="..\SourceCode\Shade\Bloom\Bloom.h">
      <Filter>ソース ファイル\Shade\Bloome</Filter>
    </ClInclude>
    <ClInclude Include="..\SourceCode\Object\MapObject\Door\Door.h">
      <Filter>ソース ファイル\MapObject\Door</Filter>
    </ClInclude>
    <ClInclude Include="..\SourceCode\Object\MapObject\Chair\Chair.h">
      <Filter>ソース ファイル\MapObject\Chair</Filter>
    </ClInclude>
    <ClInclude Include="..\SourceCode\Object\MapObject\Furniture\Furniture.h">
      <Filter>ソース ファイル\MapObject\Furniture</Filter>
    </ClInclude>
    <ClInclude Include="..\SourceCode\Object\CharaObject\Player\Player.h">
      <Filter>ソース ファイル\CharaObject\Player</Filter>
    </ClInclude>
    <ClInclude Include="..\SourceCode\Object\MapObject\Light\LightBase\LightBase.h">
      <Filter>ソース ファイル\MapObject\Light\Base</Filter>
    </ClInclude>
    <ClInclude Include="..\SourceCode\Object\MapObject\Light\NomalLight\NomalLight.h">
      <Filter>ソース ファイル\MapObject\Light\NomalLight</Filter>
    </ClInclude>
    <ClInclude Include="..\SourceCode\Object\MapObject\Light\LightingLight\LitLight.h">
      <Filter>ソース ファイル\MapObject\Light\LitLight</Filter>
    </ClInclude>
    <ClInclude Include="..\SourceCode\Object\CharaObject\Ghost\MoveGimmic\GhostWalkGim.h">
      <Filter>ソース ファイル\CharaObject\Ghost\GhostWalkGim</Filter>
    </ClInclude>
    <ClInclude Include="..\SourceCode\Object\CharaObject\Ghost\Base\GhostBase.h">
      <Filter>ソース ファイル\CharaObject\Ghost\Base</Filter>
    </ClInclude>
    <ClInclude Include="..\SourceCode\Object\CharaObject\Ghost\Ghost.h">
      <Filter>ソース ファイル\CharaObject\Ghost</Filter>
    </ClInclude>
    <ClInclude Include="..\SourceCode\Object\CharaObject\Man\Man.h">
      <Filter>ソース ファイル\CharaObject\Man</Filter>
    </ClInclude>
    <ClInclude Include="..\SourceCode\Object\MapObject\Light\FlashLight\FlashLight.h">
      <Filter>ソース ファイル\MapObject\Light\FlashLight</Filter>
    </ClInclude>
    <ClInclude Include="..\SourceCode\BlendMode\BlendMode.h">
      <Filter>ソース ファイル\BlendMode</Filter>
    </ClInclude>
    <ClInclude Include="..\SourceCode\Object\MapObject\Bed\Bed.h">
      <Filter>ソース ファイル\MapObject\Bed</Filter>
    </ClInclude>
    <ClInclude Include="..\SourceCode\Object\MapObject\Map\Map.h">
      <Filter>ソース ファイル\MapObject\Map</Filter>
    </ClInclude>
    <ClInclude Include="..\SourceCode\UI\Select\Select.h">
      <Filter>ソース ファイル\UI\Select</Filter>
    </ClInclude>
    <ClInclude Include="..\SourceCode\UI\Action\Action.h">
      <Filter>ソース ファイル\UI\Action</Filter>
    </ClInclude>
    <ClInclude Include="..\SourceCode\Scene\EscapeScene\EscapeScene.h">
      <Filter>ソース ファイル\Scene\EscapeScene</Filter>
    </ClInclude>
    <ClInclude Include="..\SourceCode\Scene\RoomScene\RoomScene.h">
      <Filter>ソース ファイル\Scene\Room</Filter>
    </ClInclude>
    <ClInclude Include="..\SourceCode\UI\Reamarks\Remarks.h">
      <Filter>ソース ファイル\UI\Remarks</Filter>
    </ClInclude>
    <ClInclude Include="..\SourceCode\UI\Reamarks\TextType.h">
      <Filter>ソース ファイル\UI\Remarks</Filter>
    </ClInclude>
    <ClInclude Include="..\SourceCode\Object\MapObject\Light\BlinkingLight\BlinkingLight.h">
      <Filter>ソース ファイル\MapObject\Light\BlinkingLight</Filter>
    </ClInclude>
    <ClInclude Include="..\SourceCode\Object\MapObject\Table\Table.h">
      <Filter>ソース ファイル\MapObject\Table</Filter>
    </ClInclude>
    <ClInclude Include="..\SourceCode\UI\Select\SelectType.h">
      <Filter>ソース ファイル\UI\Select</Filter>
    </ClInclude>
    <ClInclude Include="..\SourceCode\Asset\Sound\Sound.h">
      <Filter>ソース ファイル\Asset\Sound</Filter>
    </ClInclude>
    <ClInclude Include="..\SourceCode\Asset\Sound\SoundTag.h">
      <Filter>ソース ファイル\Asset\Sound</Filter>
    </ClInclude>
    <ClInclude Include="..\SourceCode\GameSetting\GameSetting.h">
      <Filter>ソース ファイル\GameSetting</Filter>
    </ClInclude>
    <ClInclude Include="..\SourceCode\Object\CharaObject\Camera\FixedCamera\FixedCamera.h">
      <Filter>ソース ファイル\CharaObject\Camera\FixedCamera</Filter>
    </ClInclude>
    <ClInclude Include="..\SourceCode\Object\CharaObject\Camera\FpsCamera\FpsCamera.h">
      <Filter>ソース ファイル\CharaObject\Camera\FpsCamera</Filter>
    </ClInclude>
    <ClInclude Include="..\SourceCode\Scene\PauseMenu\PauseMenu.h">
      <Filter>ソース ファイル\Scene\PauseMenu</Filter>
    </ClInclude>
    <ClInclude Include="..\SourceCode\UI\UIBase\UIBase.h">
      <Filter>ソース ファイル\UI\UIBase</Filter>
    </ClInclude>
    <ClInclude Include="..\SourceCode\Shade\PointLight\PointLightShader.h">
      <Filter>ソース ファイル\Shade\PointLightShader</Filter>
    </ClInclude>
    <ClInclude Include="..\SourceCode\Scene\TitleScene\TitleScene.h">
      <Filter>ソース ファイル\Scene\Title</Filter>
    </ClInclude>
    <ClInclude Include="..\SourceCode\Scene\SaveScene\SaveScene.h">
      <Filter>ソース ファイル\Scene\Save</Filter>
    </ClInclude>
    <ClInclude Include="..\SourceCode\UI\Status\Base\StatusBase.h">
      <Filter>ソース ファイル\UI\Status\Base</Filter>
    </ClInclude>
    <ClInclude Include="..\SourceCode\UI\Status\Button\Button.h">
      <Filter>ソース ファイル\UI\Status\Button</Filter>
    </ClInclude>
    <ClInclude Include="..\SourceCode\UI\Status\ParamButton\ParamButton.h">
      <Filter>ソース ファイル\UI\Status\ParamButton</Filter>
    </ClInclude>
    <ClInclude Include="..\SourceCode\UI\Status\TitleButton\TitleButton.h">
      <Filter>ソース ファイル\UI\Status\TitleButton</Filter>
    </ClInclude>
    <ClInclude Include="..\SourceCode\Scene\EndingScene\EndingScene.h">
      <Filter>ソース ファイル\Scene\Ending</Filter>
    </ClInclude>
  </ItemGroup>
  <ItemGroup>
    <None Include="..\SourceCode\Object\MapObject\Table\TableData.json">
      <Filter>ソース ファイル\MapObject\Table</Filter>
    </None>
    <None Include="..\SourceCode\Object\MapObject\Door\DoorData.json">
      <Filter>ソース ファイル\MapObject\Door</Filter>
    </None>
    <None Include="..\SourceCode\Object\MapObject\Light\LightBase\LightData.json">
      <Filter>ソース ファイル\MapObject\Light\Base</Filter>
    </None>
  </ItemGroup>
</Project>